
Microsoft Visual Studio Solution File, Format Version 12.00
# Visual Studio 14
VisualStudioVersion = 14.0.22823.1
MinimumVisualStudioVersion = 10.0.40219.1
Project("{FAE04EC0-301F-11D3-BF4B-00C04F79EFBC}") = "WChart", "lib\WChart.csproj", "{1A9EBD9E-829F-4699-963C-FB43D6BC7252}"
EndProject
Project("{FAE04EC0-301F-11D3-BF4B-00C04F79EFBC}") = "WChartTest", "test\WChartTest.csproj", "{F267AC66-95C0-48B9-89CE-EE4435C257EF}"
EndProject
Global
	GlobalSection(SolutionConfigurationPlatforms) = preSolution
		Debug|Any CPU = Debug|Any CPU
		Release|Any CPU = Release|Any CPU
	EndGlobalSection
	GlobalSection(ProjectConfigurationPlatforms) = postSolution
		{1A9EBD9E-829F-4699-963C-FB43D6BC7252}.Debug|Any CPU.ActiveCfg = Debug|Any CPU
		{1A9EBD9E-829F-4699-963C-FB43D6BC7252}.Debug|Any CPU.Build.0 = Debug|Any CPU
		{1A9EBD9E-829F-4699-963C-FB43D6BC7252}.Release|Any CPU.ActiveCfg = Release|Any CPU
		{1A9EBD9E-829F-4699-963C-FB43D6BC7252}.Release|Any CPU.Build.0 = Release|Any CPU
		{F267AC66-95C0-48B9-89CE-EE4435C257EF}.Debug|Any CPU.ActiveCfg = Debug|Any CPU
		{F267AC66-95C0-48B9-89CE-EE4435C257EF}.Debug|Any CPU.Build.0 = Debug|Any CPU
		{F267AC66-95C0-48B9-89CE-EE4435C257EF}.Release|Any CPU.ActiveCfg = Release|Any CPU
		{F267AC66-95C0-48B9-89CE-EE4435C257EF}.Release|Any CPU.Build.0 = Release|Any CPU
	EndGlobalSection
	GlobalSection(SolutionProperties) = preSolution
		HideSolutionNode = FALSE
	EndGlobalSection
EndGlobal
